// !$*UTF8*$!
{
	archiveVersion = 1;
	classes = {
	};
	objectVersion = 51;
	objects = {

/* Begin PBXBuildFile section */
		4E0B490D7E9AAF4FACE7789B /* Pods_RxSwift_PracticeTests.framework in Frameworks */ = {isa = PBXBuildFile; fileRef = 7E97AC131B18415D2C8D9839 /* Pods_RxSwift_PracticeTests.framework */; };
		54971D9E56CC36FE53EE50FF /* Pods_RxSwift_Practice_RxSwift_PracticeUITests.framework in Frameworks */ = {isa = PBXBuildFile; fileRef = 58634E54D69D6F00646ED7CF /* Pods_RxSwift_Practice_RxSwift_PracticeUITests.framework */; };
		A41A4B8E24B96E721574A79E /* Pods_RxSwift_Practice.framework in Frameworks */ = {isa = PBXBuildFile; fileRef = 0C6C9A6966DBDE7635DD0A9C /* Pods_RxSwift_Practice.framework */; };
		F371C6882397A21200C6A679 /* AppDelegate.swift in Sources */ = {isa = PBXBuildFile; fileRef = F371C6872397A21200C6A679 /* AppDelegate.swift */; };
		F371C68A2397A21200C6A679 /* SceneDelegate.swift in Sources */ = {isa = PBXBuildFile; fileRef = F371C6892397A21200C6A679 /* SceneDelegate.swift */; };
		F371C68C2397A21200C6A679 /* ContentView.swift in Sources */ = {isa = PBXBuildFile; fileRef = F371C68B2397A21200C6A679 /* ContentView.swift */; };
		F371C68E2397A21300C6A679 /* Assets.xcassets in Resources */ = {isa = PBXBuildFile; fileRef = F371C68D2397A21300C6A679 /* Assets.xcassets */; };
		F371C6912397A21300C6A679 /* Preview Assets.xcassets in Resources */ = {isa = PBXBuildFile; fileRef = F371C6902397A21300C6A679 /* Preview Assets.xcassets */; };
		F371C6942397A21300C6A679 /* LaunchScreen.storyboard in Resources */ = {isa = PBXBuildFile; fileRef = F371C6922397A21300C6A679 /* LaunchScreen.storyboard */; };
		F371C69F2397A21300C6A679 /* RxSwift_PracticeTests.swift in Sources */ = {isa = PBXBuildFile; fileRef = F371C69E2397A21300C6A679 /* RxSwift_PracticeTests.swift */; };
		F371C6AA2397A21300C6A679 /* RxSwift_PracticeUITests.swift in Sources */ = {isa = PBXBuildFile; fileRef = F371C6A92397A21300C6A679 /* RxSwift_PracticeUITests.swift */; };
		F371C6BB2397A3BB00C6A679 /* ImageView.swift in Sources */ = {isa = PBXBuildFile; fileRef = F371C6BA2397A3BB00C6A679 /* ImageView.swift */; };
/* End PBXBuildFile section */

/* Begin PBXContainerItemProxy section */
		F371C69B2397A21300C6A679 /* PBXContainerItemProxy */ = {
			isa = PBXContainerItemProxy;
			containerPortal = F371C67C2397A21200C6A679 /* Project object */;
			proxyType = 1;
			remoteGlobalIDString = F371C6832397A21200C6A679;
			remoteInfo = RxSwift_Practice;
		};
		F371C6A62397A21300C6A679 /* PBXContainerItemProxy */ = {
			isa = PBXContainerItemProxy;
			containerPortal = F371C67C2397A21200C6A679 /* Project object */;
			proxyType = 1;
			remoteGlobalIDString = F371C6832397A21200C6A679;
			remoteInfo = RxSwift_Practice;
		};
/* End PBXContainerItemProxy section */

/* Begin PBXFileReference section */
		0C6C9A6966DBDE7635DD0A9C /* Pods_RxSwift_Practice.framework */ = {isa = PBXFileReference; explicitFileType = wrapper.framework; includeInIndex = 0; path = Pods_RxSwift_Practice.framework; sourceTree = BUILT_PRODUCTS_DIR; };
		58634E54D69D6F00646ED7CF /* Pods_RxSwift_Practice_RxSwift_PracticeUITests.framework */ = {isa = PBXFileReference; explicitFileType = wrapper.framework; includeInIndex = 0; path = Pods_RxSwift_Practice_RxSwift_PracticeUITests.framework; sourceTree = BUILT_PRODUCTS_DIR; };
		76C667D838A47DEA6A18634B /* Pods-RxSwift_Practice-RxSwift_PracticeUITests.debug.xcconfig */ = {isa = PBXFileReference; includeInIndex = 1; lastKnownFileType = text.xcconfig; name = "Pods-RxSwift_Practice-RxSwift_PracticeUITests.debug.xcconfig"; path = "Target Support Files/Pods-RxSwift_Practice-RxSwift_PracticeUITests/Pods-RxSwift_Practice-RxSwift_PracticeUITests.debug.xcconfig"; sourceTree = "<group>"; };
		7E97AC131B18415D2C8D9839 /* Pods_RxSwift_PracticeTests.framework */ = {isa = PBXFileReference; explicitFileType = wrapper.framework; includeInIndex = 0; path = Pods_RxSwift_PracticeTests.framework; sourceTree = BUILT_PRODUCTS_DIR; };
		90C4DF220F7898B791AEC564 /* Pods-RxSwift_Practice.debug.xcconfig */ = {isa = PBXFileReference; includeInIndex = 1; lastKnownFileType = text.xcconfig; name = "Pods-RxSwift_Practice.debug.xcconfig"; path = "Target Support Files/Pods-RxSwift_Practice/Pods-RxSwift_Practice.debug.xcconfig"; sourceTree = "<group>"; };
		922004E31DEE508B2DF21043 /* Pods-RxSwift_Practice-RxSwift_PracticeUITests.release.xcconfig */ = {isa = PBXFileReference; includeInIndex = 1; lastKnownFileType = text.xcconfig; name = "Pods-RxSwift_Practice-RxSwift_PracticeUITests.release.xcconfig"; path = "Target Support Files/Pods-RxSwift_Practice-RxSwift_PracticeUITests/Pods-RxSwift_Practice-RxSwift_PracticeUITests.release.xcconfig"; sourceTree = "<group>"; };
		9DAA6152E280EAE9840B1DF5 /* Pods-RxSwift_PracticeTests.release.xcconfig */ = {isa = PBXFileReference; includeInIndex = 1; lastKnownFileType = text.xcconfig; name = "Pods-RxSwift_PracticeTests.release.xcconfig"; path = "Target Support Files/Pods-RxSwift_PracticeTests/Pods-RxSwift_PracticeTests.release.xcconfig"; sourceTree = "<group>"; };
		BD98DE19BA303B75E809A182 /* Pods-RxSwift_PracticeTests.debug.xcconfig */ = {isa = PBXFileReference; includeInIndex = 1; lastKnownFileType = text.xcconfig; name = "Pods-RxSwift_PracticeTests.debug.xcconfig"; path = "Target Support Files/Pods-RxSwift_PracticeTests/Pods-RxSwift_PracticeTests.debug.xcconfig"; sourceTree = "<group>"; };
		C0FEBD04DDC534B371287E54 /* Pods-RxSwift_Practice.release.xcconfig */ = {isa = PBXFileReference; includeInIndex = 1; lastKnownFileType = text.xcconfig; name = "Pods-RxSwift_Practice.release.xcconfig"; path = "Target Support Files/Pods-RxSwift_Practice/Pods-RxSwift_Practice.release.xcconfig"; sourceTree = "<group>"; };
		F371C6842397A21200C6A679 /* RxSwift_Practice.app */ = {isa = PBXFileReference; explicitFileType = wrapper.application; includeInIndex = 0; path = RxSwift_Practice.app; sourceTree = BUILT_PRODUCTS_DIR; };
		F371C6872397A21200C6A679 /* AppDelegate.swift */ = {isa = PBXFileReference; lastKnownFileType = sourcecode.swift; path = AppDelegate.swift; sourceTree = "<group>"; };
		F371C6892397A21200C6A679 /* SceneDelegate.swift */ = {isa = PBXFileReference; lastKnownFileType = sourcecode.swift; path = SceneDelegate.swift; sourceTree = "<group>"; };
		F371C68B2397A21200C6A679 /* ContentView.swift */ = {isa = PBXFileReference; lastKnownFileType = sourcecode.swift; path = ContentView.swift; sourceTree = "<group>"; };
		F371C68D2397A21300C6A679 /* Assets.xcassets */ = {isa = PBXFileReference; lastKnownFileType = folder.assetcatalog; path = Assets.xcassets; sourceTree = "<group>"; };
		F371C6902397A21300C6A679 /* Preview Assets.xcassets */ = {isa = PBXFileReference; lastKnownFileType = folder.assetcatalog; path = "Preview Assets.xcassets"; sourceTree = "<group>"; };
		F371C6932397A21300C6A679 /* Base */ = {isa = PBXFileReference; lastKnownFileType = file.storyboard; name = Base; path = Base.lproj/LaunchScreen.storyboard; sourceTree = "<group>"; };
		F371C6952397A21300C6A679 /* Info.plist */ = {isa = PBXFileReference; lastKnownFileType = text.plist.xml; path = Info.plist; sourceTree = "<group>"; };
		F371C69A2397A21300C6A679 /* RxSwift_PracticeTests.xctest */ = {isa = PBXFileReference; explicitFileType = wrapper.cfbundle; includeInIndex = 0; path = RxSwift_PracticeTests.xctest; sourceTree = BUILT_PRODUCTS_DIR; };
		F371C69E2397A21300C6A679 /* RxSwift_PracticeTests.swift */ = {isa = PBXFileReference; lastKnownFileType = sourcecode.swift; path = RxSwift_PracticeTests.swift; sourceTree = "<group>"; };
		F371C6A02397A21300C6A679 /* Info.plist */ = {isa = PBXFileReference; lastKnownFileType = text.plist.xml; path = Info.plist; sourceTree = "<group>"; };
		F371C6A52397A21300C6A679 /* RxSwift_PracticeUITests.xctest */ = {isa = PBXFileReference; explicitFileType = wrapper.cfbundle; includeInIndex = 0; path = RxSwift_PracticeUITests.xctest; sourceTree = BUILT_PRODUCTS_DIR; };
		F371C6A92397A21300C6A679 /* RxSwift_PracticeUITests.swift */ = {isa = PBXFileReference; lastKnownFileType = sourcecode.swift; path = RxSwift_PracticeUITests.swift; sourceTree = "<group>"; };
		F371C6AB2397A21300C6A679 /* Info.plist */ = {isa = PBXFileReference; lastKnownFileType = text.plist.xml; path = Info.plist; sourceTree = "<group>"; };
		F371C6BA2397A3BB00C6A679 /* ImageView.swift */ = {isa = PBXFileReference; lastKnownFileType = sourcecode.swift; path = ImageView.swift; sourceTree = "<group>"; };
/* End PBXFileReference section */

/* Begin PBXFrameworksBuildPhase section */
		F371C6812397A21200C6A679 /* Frameworks */ = {
			isa = PBXFrameworksBuildPhase;
			buildActionMask = 2147483647;
			files = (
				A41A4B8E24B96E721574A79E /* Pods_RxSwift_Practice.framework in Frameworks */,
			);
			runOnlyForDeploymentPostprocessing = 0;
		};
		F371C6972397A21300C6A679 /* Frameworks */ = {
			isa = PBXFrameworksBuildPhase;
			buildActionMask = 2147483647;
			files = (
				4E0B490D7E9AAF4FACE7789B /* Pods_RxSwift_PracticeTests.framework in Frameworks */,
			);
			runOnlyForDeploymentPostprocessing = 0;
		};
		F371C6A22397A21300C6A679 /* Frameworks */ = {
			isa = PBXFrameworksBuildPhase;
			buildActionMask = 2147483647;
			files = (
				54971D9E56CC36FE53EE50FF /* Pods_RxSwift_Practice_RxSwift_PracticeUITests.framework in Frameworks */,
			);
			runOnlyForDeploymentPostprocessing = 0;
		};
/* End PBXFrameworksBuildPhase section */

/* Begin PBXGroup section */
		8A8E8C4DE677FE4C2F8A41BE /* Pods */ = {
			isa = PBXGroup;
			children = (
				90C4DF220F7898B791AEC564 /* Pods-RxSwift_Practice.debug.xcconfig */,
				C0FEBD04DDC534B371287E54 /* Pods-RxSwift_Practice.release.xcconfig */,
				76C667D838A47DEA6A18634B /* Pods-RxSwift_Practice-RxSwift_PracticeUITests.debug.xcconfig */,
				922004E31DEE508B2DF21043 /* Pods-RxSwift_Practice-RxSwift_PracticeUITests.release.xcconfig */,
				BD98DE19BA303B75E809A182 /* Pods-RxSwift_PracticeTests.debug.xcconfig */,
				9DAA6152E280EAE9840B1DF5 /* Pods-RxSwift_PracticeTests.release.xcconfig */,
			);
			path = Pods;
			sourceTree = "<group>";
		};
		F03F4ADA7B8CFBFDBE130280 /* Frameworks */ = {
			isa = PBXGroup;
			children = (
				0C6C9A6966DBDE7635DD0A9C /* Pods_RxSwift_Practice.framework */,
				58634E54D69D6F00646ED7CF /* Pods_RxSwift_Practice_RxSwift_PracticeUITests.framework */,
				7E97AC131B18415D2C8D9839 /* Pods_RxSwift_PracticeTests.framework */,
			);
			name = Frameworks;
			sourceTree = "<group>";
		};
		F371C67B2397A21200C6A679 = {
			isa = PBXGroup;
			children = (
				F371C6862397A21200C6A679 /* RxSwift_Practice */,
				F371C69D2397A21300C6A679 /* RxSwift_PracticeTests */,
				F371C6A82397A21300C6A679 /* RxSwift_PracticeUITests */,
				F371C6852397A21200C6A679 /* Products */,
				8A8E8C4DE677FE4C2F8A41BE /* Pods */,
				F03F4ADA7B8CFBFDBE130280 /* Frameworks */,
			);
			sourceTree = "<group>";
		};
		F371C6852397A21200C6A679 /* Products */ = {
			isa = PBXGroup;
			children = (
				F371C6842397A21200C6A679 /* RxSwift_Practice.app */,
				F371C69A2397A21300C6A679 /* RxSwift_PracticeTests.xctest */,
				F371C6A52397A21300C6A679 /* RxSwift_PracticeUITests.xctest */,
			);
			name = Products;
			sourceTree = "<group>";
		};
		F371C6862397A21200C6A679 /* RxSwift_Practice */ = {
			isa = PBXGroup;
			children = (
				F371C6B92397A3A200C6A679 /* Views */,
				F371C6872397A21200C6A679 /* AppDelegate.swift */,
				F371C6892397A21200C6A679 /* SceneDelegate.swift */,
				F371C68B2397A21200C6A679 /* ContentView.swift */,
				F371C68D2397A21300C6A679 /* Assets.xcassets */,
				F371C6922397A21300C6A679 /* LaunchScreen.storyboard */,
				F371C6952397A21300C6A679 /* Info.plist */,
				F371C68F2397A21300C6A679 /* Preview Content */,
			);
			path = RxSwift_Practice;
			sourceTree = "<group>";
		};
		F371C68F2397A21300C6A679 /* Preview Content */ = {
			isa = PBXGroup;
			children = (
				F371C6902397A21300C6A679 /* Preview Assets.xcassets */,
			);
			path = "Preview Content";
			sourceTree = "<group>";
		};
		F371C69D2397A21300C6A679 /* RxSwift_PracticeTests */ = {
			isa = PBXGroup;
			children = (
				F371C69E2397A21300C6A679 /* RxSwift_PracticeTests.swift */,
				F371C6A02397A21300C6A679 /* Info.plist */,
			);
			path = RxSwift_PracticeTests;
			sourceTree = "<group>";
		};
		F371C6A82397A21300C6A679 /* RxSwift_PracticeUITests */ = {
			isa = PBXGroup;
			children = (
				F371C6A92397A21300C6A679 /* RxSwift_PracticeUITests.swift */,
				F371C6AB2397A21300C6A679 /* Info.plist */,
			);
			path = RxSwift_PracticeUITests;
			sourceTree = "<group>";
		};
		F371C6B92397A3A200C6A679 /* Views */ = {
			isa = PBXGroup;
			children = (
				F371C6BA2397A3BB00C6A679 /* ImageView.swift */,
			);
			path = Views;
			sourceTree = "<group>";
		};
/* End PBXGroup section */

/* Begin PBXNativeTarget section */
		F371C6832397A21200C6A679 /* RxSwift_Practice */ = {
			isa = PBXNativeTarget;
			buildConfigurationList = F371C6AE2397A21300C6A679 /* Build configuration list for PBXNativeTarget "RxSwift_Practice" */;
			buildPhases = (
				7445DEF32407F79D5270D1AC /* [CP] Check Pods Manifest.lock */,
				F371C6802397A21200C6A679 /* Sources */,
				F371C6812397A21200C6A679 /* Frameworks */,
				F371C6822397A21200C6A679 /* Resources */,
				DF76632CECA87F87F56322BE /* [CP] Embed Pods Frameworks */,
			);
			buildRules = (
			);
			dependencies = (
			);
			name = RxSwift_Practice;
			productName = RxSwift_Practice;
			productReference = F371C6842397A21200C6A679 /* RxSwift_Practice.app */;
			productType = "com.apple.product-type.application";
		};
		F371C6992397A21300C6A679 /* RxSwift_PracticeTests */ = {
			isa = PBXNativeTarget;
			buildConfigurationList = F371C6B12397A21300C6A679 /* Build configuration list for PBXNativeTarget "RxSwift_PracticeTests" */;
			buildPhases = (
				15CD6D4EBFE07B2B047CAD42 /* [CP] Check Pods Manifest.lock */,
				F371C6962397A21300C6A679 /* Sources */,
				F371C6972397A21300C6A679 /* Frameworks */,
				F371C6982397A21300C6A679 /* Resources */,
			);
			buildRules = (
			);
			dependencies = (
				F371C69C2397A21300C6A679 /* PBXTargetDependency */,
			);
			name = RxSwift_PracticeTests;
			productName = RxSwift_PracticeTests;
			productReference = F371C69A2397A21300C6A679 /* RxSwift_PracticeTests.xctest */;
			productType = "com.apple.product-type.bundle.unit-test";
		};
		F371C6A42397A21300C6A679 /* RxSwift_PracticeUITests */ = {
			isa = PBXNativeTarget;
			buildConfigurationList = F371C6B42397A21300C6A679 /* Build configuration list for PBXNativeTarget "RxSwift_PracticeUITests" */;
			buildPhases = (
				2C34074E0A73D08B6FCD1F3E /* [CP] Check Pods Manifest.lock */,
				F371C6A12397A21300C6A679 /* Sources */,
				F371C6A22397A21300C6A679 /* Frameworks */,
				F371C6A32397A21300C6A679 /* Resources */,
				3F0A2CC4BAE6FAEE7AD06AD7 /* [CP] Embed Pods Frameworks */,
			);
			buildRules = (
			);
			dependencies = (
				F371C6A72397A21300C6A679 /* PBXTargetDependency */,
			);
			name = RxSwift_PracticeUITests;
			productName = RxSwift_PracticeUITests;
			productReference = F371C6A52397A21300C6A679 /* RxSwift_PracticeUITests.xctest */;
			productType = "com.apple.product-type.bundle.ui-testing";
		};
/* End PBXNativeTarget section */

/* Begin PBXProject section */
		F371C67C2397A21200C6A679 /* Project object */ = {
			isa = PBXProject;
			attributes = {
				LastSwiftUpdateCheck = 1130;
				LastUpgradeCheck = 1130;
				ORGANIZATIONNAME = pookjw;
				TargetAttributes = {
					F371C6832397A21200C6A679 = {
						CreatedOnToolsVersion = 11.3;
					};
					F371C6992397A21300C6A679 = {
						CreatedOnToolsVersion = 11.3;
						TestTargetID = F371C6832397A21200C6A679;
					};
					F371C6A42397A21300C6A679 = {
						CreatedOnToolsVersion = 11.3;
						TestTargetID = F371C6832397A21200C6A679;
					};
				};
			};
			buildConfigurationList = F371C67F2397A21200C6A679 /* Build configuration list for PBXProject "RxSwift_Practice" */;
			compatibilityVersion = "Xcode 9.3";
			developmentRegion = en;
			hasScannedForEncodings = 0;
			knownRegions = (
				en,
				Base,
			);
			mainGroup = F371C67B2397A21200C6A679;
			productRefGroup = F371C6852397A21200C6A679 /* Products */;
			projectDirPath = "";
			projectRoot = "";
			targets = (
				F371C6832397A21200C6A679 /* RxSwift_Practice */,
				F371C6992397A21300C6A679 /* RxSwift_PracticeTests */,
				F371C6A42397A21300C6A679 /* RxSwift_PracticeUITests */,
			);
		};
/* End PBXProject section */

/* Begin PBXResourcesBuildPhase section */
		F371C6822397A21200C6A679 /* Resources */ = {
			isa = PBXResourcesBuildPhase;
			buildActionMask = 2147483647;
			files = (
				F371C6942397A21300C6A679 /* LaunchScreen.storyboard in Resources */,
				F371C6912397A21300C6A679 /* Preview Assets.xcassets in Resources */,
				F371C68E2397A21300C6A679 /* Assets.xcassets in Resources */,
			);
			runOnlyForDeploymentPostprocessing = 0;
		};
		F371C6982397A21300C6A679 /* Resources */ = {
			isa = PBXResourcesBuildPhase;
			buildActionMask = 2147483647;
			files = (
			);
			runOnlyForDeploymentPostprocessing = 0;
		};
		F371C6A32397A21300C6A679 /* Resources */ = {
			isa = PBXResourcesBuildPhase;
			buildActionMask = 2147483647;
			files = (
			);
			runOnlyForDeploymentPostprocessing = 0;
		};
/* End PBXResourcesBuildPhase section */

/* Begin PBXShellScriptBuildPhase section */
		15CD6D4EBFE07B2B047CAD42 /* [CP] Check Pods Manifest.lock */ = {
			isa = PBXShellScriptBuildPhase;
			buildActionMask = 2147483647;
			files = (
			);
			inputFileListPaths = (
			);
			inputPaths = (
				"${PODS_PODFILE_DIR_PATH}/Podfile.lock",
				"${PODS_ROOT}/Manifest.lock",
			);
			name = "[CP] Check Pods Manifest.lock";
			outputFileListPaths = (
			);
			outputPaths = (
				"$(DERIVED_FILE_DIR)/Pods-RxSwift_PracticeTests-checkManifestLockResult.txt",
			);
			runOnlyForDeploymentPostprocessing = 0;
			shellPath = /bin/sh;
			shellScript = "diff \"${PODS_PODFILE_DIR_PATH}/Podfile.lock\" \"${PODS_ROOT}/Manifest.lock\" > /dev/null\nif [ $? != 0 ] ; then\n    # print error to STDERR\n    echo \"error: The sandbox is not in sync with the Podfile.lock. Run 'pod install' or update your CocoaPods installation.\" >&2\n    exit 1\nfi\n# This output is used by Xcode 'outputs' to avoid re-running this script phase.\necho \"SUCCESS\" > \"${SCRIPT_OUTPUT_FILE_0}\"\n";
			showEnvVarsInLog = 0;
		};
		2C34074E0A73D08B6FCD1F3E /* [CP] Check Pods Manifest.lock */ = {
			isa = PBXShellScriptBuildPhase;
			buildActionMask = 2147483647;
			files = (
			);
			inputFileListPaths = (
			);
			inputPaths = (
				"${PODS_PODFILE_DIR_PATH}/Podfile.lock",
				"${PODS_ROOT}/Manifest.lock",
			);
			name = "[CP] Check Pods Manifest.lock";
			outputFileListPaths = (
			);
			outputPaths = (
				"$(DERIVED_FILE_DIR)/Pods-RxSwift_Practice-RxSwift_PracticeUITests-checkManifestLockResult.txt",
			);
			runOnlyForDeploymentPostprocessing = 0;
			shellPath = /bin/sh;
			shellScript = "diff \"${PODS_PODFILE_DIR_PATH}/Podfile.lock\" \"${PODS_ROOT}/Manifest.lock\" > /dev/null\nif [ $? != 0 ] ; then\n    # print error to STDERR\n    echo \"error: The sandbox is not in sync with the Podfile.lock. Run 'pod install' or update your CocoaPods installation.\" >&2\n    exit 1\nfi\n# This output is used by Xcode 'outputs' to avoid re-running this script phase.\necho \"SUCCESS\" > \"${SCRIPT_OUTPUT_FILE_0}\"\n";
			showEnvVarsInLog = 0;
		};
		3F0A2CC4BAE6FAEE7AD06AD7 /* [CP] Embed Pods Frameworks */ = {
			isa = PBXShellScriptBuildPhase;
			buildActionMask = 2147483647;
			files = (
			);
			inputFileListPaths = (
				"${PODS_ROOT}/Target Support Files/Pods-RxSwift_Practice-RxSwift_PracticeUITests/Pods-RxSwift_Practice-RxSwift_PracticeUITests-frameworks-${CONFIGURATION}-input-files.xcfilelist",
			);
			name = "[CP] Embed Pods Frameworks";
			outputFileListPaths = (
				"${PODS_ROOT}/Target Support Files/Pods-RxSwift_Practice-RxSwift_PracticeUITests/Pods-RxSwift_Practice-RxSwift_PracticeUITests-frameworks-${CONFIGURATION}-output-files.xcfilelist",
			);
			runOnlyForDeploymentPostprocessing = 0;
			shellPath = /bin/sh;
			shellScript = "\"${PODS_ROOT}/Target Support Files/Pods-RxSwift_Practice-RxSwift_PracticeUITests/Pods-RxSwift_Practice-RxSwift_PracticeUITests-frameworks.sh\"\n";
			showEnvVarsInLog = 0;
		};
		7445DEF32407F79D5270D1AC /* [CP] Check Pods Manifest.lock */ = {
			isa = PBXShellScriptBuildPhase;
			buildActionMask = 2147483647;
			files = (
			);
			inputFileListPaths = (
			);
			inputPaths = (
				"${PODS_PODFILE_DIR_PATH}/Podfile.lock",
				"${PODS_ROOT}/Manifest.lock",
			);
			name = "[CP] Check Pods Manifest.lock";
			outputFileListPaths = (
			);
			outputPaths = (
				"$(DERIVED_FILE_DIR)/Pods-RxSwift_Practice-checkManifestLockResult.txt",
			);
			runOnlyForDeploymentPostprocessing = 0;
			shellPath = /bin/sh;
			shellScript = "diff \"${PODS_PODFILE_DIR_PATH}/Podfile.lock\" \"${PODS_ROOT}/Manifest.lock\" > /dev/null\nif [ $? != 0 ] ; then\n    # print error to STDERR\n    echo \"error: The sandbox is not in sync with the Podfile.lock. Run 'pod install' or update your CocoaPods installation.\" >&2\n    exit 1\nfi\n# This output is used by Xcode 'outputs' to avoid re-running this script phase.\necho \"SUCCESS\" > \"${SCRIPT_OUTPUT_FILE_0}\"\n";
			showEnvVarsInLog = 0;
		};
		DF76632CECA87F87F56322BE /* [CP] Embed Pods Frameworks */ = {
			isa = PBXShellScriptBuildPhase;
			buildActionMask = 2147483647;
			files = (
			);
			inputFileListPaths = (
				"${PODS_ROOT}/Target Support Files/Pods-RxSwift_Practice/Pods-RxSwift_Practice-frameworks-${CONFIGURATION}-input-files.xcfilelist",
			);
			name = "[CP] Embed Pods Frameworks";
			outputFileListPaths = (
				"${PODS_ROOT}/Target Support Files/Pods-RxSwift_Practice/Pods-RxSwift_Practice-frameworks-${CONFIGURATION}-output-files.xcfilelist",
			);
			runOnlyForDeploymentPostprocessing = 0;
			shellPath = /bin/sh;
			shellScript = "\"${PODS_ROOT}/Target Support Files/Pods-RxSwift_Practice/Pods-RxSwift_Practice-frameworks.sh\"\n";
			showEnvVarsInLog = 0;
		};
/* End PBXShellScriptBuildPhase section */

/* Begin PBXSourcesBuildPhase section */
		F371C6802397A21200C6A679 /* Sources */ = {
			isa = PBXSourcesBuildPhase;
			buildActionMask = 2147483647;
			files = (
				F371C6BB2397A3BB00C6A679 /* ImageView.swift in Sources */,
				F371C6882397A21200C6A679 /* AppDelegate.swift in Sources */,
				F371C68A2397A21200C6A679 /* SceneDelegate.swift in Sources */,
				F371C68C2397A21200C6A679 /* ContentView.swift in Sources */,
			);
			runOnlyForDeploymentPostprocessing = 0;
		};
		F371C6962397A21300C6A679 /* Sources */ = {
			isa = PBXSourcesBuildPhase;
			buildActionMask = 2147483647;
			files = (
				F371C69F2397A21300C6A679 /* RxSwift_PracticeTests.swift in Sources */,
			);
			runOnlyForDeploymentPostprocessing = 0;
		};
		F371C6A12397A21300C6A679 /* Sources */ = {
			isa = PBXSourcesBuildPhase;
			buildActionMask = 2147483647;
			files = (
				F371C6AA2397A21300C6A679 /* RxSwift_PracticeUITests.swift in Sources */,
			);
			runOnlyForDeploymentPostprocessing = 0;
		};
/* End PBXSourcesBuildPhase section */

/* Begin PBXTargetDependency section */
		F371C69C2397A21300C6A679 /* PBXTargetDependency */ = {
			isa = PBXTargetDependency;
			target = F371C6832397A21200C6A679 /* RxSwift_Practice */;
			targetProxy = F371C69B2397A21300C6A679 /* PBXContainerItemProxy */;
		};
		F371C6A72397A21300C6A679 /* PBXTargetDependency */ = {
			isa = PBXTargetDependency;
			target = F371C6832397A21200C6A679 /* RxSwift_Practice */;
			targetProxy = F371C6A62397A21300C6A679 /* PBXContainerItemProxy */;
		};
/* End PBXTargetDependency section */

/* Begin PBXVariantGroup section */
		F371C6922397A21300C6A679 /* LaunchScreen.storyboard */ = {
			isa = PBXVariantGroup;
			children = (
				F371C6932397A21300C6A679 /* Base */,
			);
			name = LaunchScreen.storyboard;
			sourceTree = "<group>";
		};
/* End PBXVariantGroup section */

/* Begin XCBuildConfiguration section */
		F371C6AC2397A21300C6A679 /* Debug */ = {
			isa = XCBuildConfiguration;
			buildSettings = {
				ALWAYS_SEARCH_USER_PATHS = NO;
				CLANG_ANALYZER_NONNULL = YES;
				CLANG_ANALYZER_NUMBER_OBJECT_CONVERSION = YES_AGGRESSIVE;
				CLANG_CXX_LANGUAGE_STANDARD = "gnu++14";
				CLANG_CXX_LIBRARY = "libc++";
				CLANG_ENABLE_MODULES = YES;
				CLANG_ENABLE_OBJC_ARC = YES;
				CLANG_ENABLE_OBJC_WEAK = YES;
				CLANG_WARN_BLOCK_CAPTURE_AUTORELEASING = YES;
				CLANG_WARN_BOOL_CONVERSION = YES;
				CLANG_WARN_COMMA = YES;
				CLANG_WARN_CONSTANT_CONVERSION = YES;
				CLANG_WARN_DEPRECATED_OBJC_IMPLEMENTATIONS = YES;
				CLANG_WARN_DIRECT_OBJC_ISA_USAGE = YES_ERROR;
				CLANG_WARN_DOCUMENTATION_COMMENTS = YES;
				CLANG_WARN_EMPTY_BODY = YES;
				CLANG_WARN_ENUM_CONVERSION = YES;
				CLANG_WARN_INFINITE_RECURSION = YES;
				CLANG_WARN_INT_CONVERSION = YES;
				CLANG_WARN_NON_LITERAL_NULL_CONVERSION = YES;
				CLANG_WARN_OBJC_IMPLICIT_RETAIN_SELF = YES;
				CLANG_WARN_OBJC_LITERAL_CONVERSION = YES;
				CLANG_WARN_OBJC_ROOT_CLASS = YES_ERROR;
				CLANG_WARN_RANGE_LOOP_ANALYSIS = YES;
				CLANG_WARN_STRICT_PROTOTYPES = YES;
				CLANG_WARN_SUSPICIOUS_MOVE = YES;
				CLANG_WARN_UNGUARDED_AVAILABILITY = YES_AGGRESSIVE;
				CLANG_WARN_UNREACHABLE_CODE = YES;
				CLANG_WARN__DUPLICATE_METHOD_MATCH = YES;
				COPY_PHASE_STRIP = NO;
				DEBUG_INFORMATION_FORMAT = dwarf;
				ENABLE_STRICT_OBJC_MSGSEND = YES;
				ENABLE_TESTABILITY = YES;
				GCC_C_LANGUAGE_STANDARD = gnu11;
				GCC_DYNAMIC_NO_PIC = NO;
				GCC_NO_COMMON_BLOCKS = YES;
				GCC_OPTIMIZATION_LEVEL = 0;
				GCC_PREPROCESSOR_DEFINITIONS = (
					"DEBUG=1",
					"$(inherited)",
				);
				GCC_WARN_64_TO_32_BIT_CONVERSION = YES;
				GCC_WARN_ABOUT_RETURN_TYPE = YES_ERROR;
				GCC_WARN_UNDECLARED_SELECTOR = YES;
				GCC_WARN_UNINITIALIZED_AUTOS = YES_AGGRESSIVE;
				GCC_WARN_UNUSED_FUNCTION = YES;
				GCC_WARN_UNUSED_VARIABLE = YES;
				IPHONEOS_DEPLOYMENT_TARGET = 13.2;
				MTL_ENABLE_DEBUG_INFO = INCLUDE_SOURCE;
				MTL_FAST_MATH = YES;
				ONLY_ACTIVE_ARCH = YES;
				SDKROOT = iphoneos;
				SWIFT_ACTIVE_COMPILATION_CONDITIONS = DEBUG;
				SWIFT_OPTIMIZATION_LEVEL = "-Onone";
			};
			name = Debug;
		};
		F371C6AD2397A21300C6A679 /* Release */ = {
			isa = XCBuildConfiguration;
			buildSettings = {
				ALWAYS_SEARCH_USER_PATHS = NO;
				CLANG_ANALYZER_NONNULL = YES;
				CLANG_ANALYZER_NUMBER_OBJECT_CONVERSION = YES_AGGRESSIVE;
				CLANG_CXX_LANGUAGE_STANDARD = "gnu++14";
				CLANG_CXX_LIBRARY = "libc++";
				CLANG_ENABLE_MODULES = YES;
				CLANG_ENABLE_OBJC_ARC = YES;
				CLANG_ENABLE_OBJC_WEAK = YES;
				CLANG_WARN_BLOCK_CAPTURE_AUTORELEASING = YES;
				CLANG_WARN_BOOL_CONVERSION = YES;
				CLANG_WARN_COMMA = YES;
				CLANG_WARN_CONSTANT_CONVERSION = YES;
				CLANG_WARN_DEPRECATED_OBJC_IMPLEMENTATIONS = YES;
				CLANG_WARN_DIRECT_OBJC_ISA_USAGE = YES_ERROR;
				CLANG_WARN_DOCUMENTATION_COMMENTS = YES;
				CLANG_WARN_EMPTY_BODY = YES;
				CLANG_WARN_ENUM_CONVERSION = YES;
				CLANG_WARN_INFINITE_RECURSION = YES;
				CLANG_WARN_INT_CONVERSION = YES;
				CLANG_WARN_NON_LITERAL_NULL_CONVERSION = YES;
				CLANG_WARN_OBJC_IMPLICIT_RETAIN_SELF = YES;
				CLANG_WARN_OBJC_LITERAL_CONVERSION = YES;
				CLANG_WARN_OBJC_ROOT_CLASS = YES_ERROR;
				CLANG_WARN_RANGE_LOOP_ANALYSIS = YES;
				CLANG_WARN_STRICT_PROTOTYPES = YES;
				CLANG_WARN_SUSPICIOUS_MOVE = YES;
				CLANG_WARN_UNGUARDED_AVAILABILITY = YES_AGGRESSIVE;
				CLANG_WARN_UNREACHABLE_CODE = YES;
				CLANG_WARN__DUPLICATE_METHOD_MATCH = YES;
				COPY_PHASE_STRIP = NO;
				DEBUG_INFORMATION_FORMAT = "dwarf-with-dsym";
				ENABLE_NS_ASSERTIONS = NO;
				ENABLE_STRICT_OBJC_MSGSEND = YES;
				GCC_C_LANGUAGE_STANDARD = gnu11;
				GCC_NO_COMMON_BLOCKS = YES;
				GCC_WARN_64_TO_32_BIT_CONVERSION = YES;
				GCC_WARN_ABOUT_RETURN_TYPE = YES_ERROR;
				GCC_WARN_UNDECLARED_SELECTOR = YES;
				GCC_WARN_UNINITIALIZED_AUTOS = YES_AGGRESSIVE;
				GCC_WARN_UNUSED_FUNCTION = YES;
				GCC_WARN_UNUSED_VARIABLE = YES;
				IPHONEOS_DEPLOYMENT_TARGET = 13.2;
				MTL_ENABLE_DEBUG_INFO = NO;
				MTL_FAST_MATH = YES;
				SDKROOT = iphoneos;
				SWIFT_COMPILATION_MODE = wholemodule;
				SWIFT_OPTIMIZATION_LEVEL = "-O";
				VALIDATE_PRODUCT = YES;
			};
			name = Release;
		};
		F371C6AF2397A21300C6A679 /* Debug */ = {
			isa = XCBuildConfiguration;
			baseConfigurationReference = 90C4DF220F7898B791AEC564 /* Pods-RxSwift_Practice.debug.xcconfig */;
			buildSettings = {
				ASSETCATALOG_COMPILER_APPICON_NAME = AppIcon;
				CODE_SIGN_STYLE = Automatic;
				DEVELOPMENT_ASSET_PATHS = "\"RxSwift_Practice/Preview Content\"";
				DEVELOPMENT_TEAM = P53D29U9LJ;
				ENABLE_PREVIEWS = YES;
				INFOPLIST_FILE = RxSwift_Practice/Info.plist;
				LD_RUNPATH_SEARCH_PATHS = (
					"$(inherited)",
					"@executable_path/Frameworks",
				);
				PRODUCT_BUNDLE_IDENTIFIER = "com.pookjw.RxSwift-Practice";
				PRODUCT_NAME = "$(TARGET_NAME)";
				SWIFT_VERSION = 5.0;
				TARGETED_DEVICE_FAMILY = "1,2";
			};
			name = Debug;
		};
		F371C6B02397A21300C6A679 /* Release */ = {
			isa = XCBuildConfiguration;
			baseConfigurationReference = C0FEBD04DDC534B371287E54 /* Pods-RxSwift_Practice.release.xcconfig */;
			buildSettings = {
				ASSETCATALOG_COMPILER_APPICON_NAME = AppIcon;
				CODE_SIGN_STYLE = Automatic;
				DEVELOPMENT_ASSET_PATHS = "\"RxSwift_Practice/Preview Content\"";
				DEVELOPMENT_TEAM = P53D29U9LJ;
				ENABLE_PREVIEWS = YES;
				INFOPLIST_FILE = RxSwift_Practice/Info.plist;
				LD_RUNPATH_SEARCH_PATHS = (
					"$(inherited)",
					"@executable_path/Frameworks",
				);
				PRODUCT_BUNDLE_IDENTIFIER = "com.pookjw.RxSwift-Practice";
				PRODUCT_NAME = "$(TARGET_NAME)";
				SWIFT_VERSION = 5.0;
				TARGETED_DEVICE_FAMILY = "1,2";
			};
			name = Release;
		};
		F371C6B22397A21300C6A679 /* Debug */ = {
			isa = XCBuildConfiguration;
			baseConfigurationReference = BD98DE19BA303B75E809A182 /* Pods-RxSwift_PracticeTests.debug.xcconfig */;
			buildSettings = {
				ALWAYS_EMBED_SWIFT_STANDARD_LIBRARIES = YES;
				BUNDLE_LOADER = "$(TEST_HOST)";
				CODE_SIGN_STYLE = Automatic;
				DEVELOPMENT_TEAM = P53D29U9LJ;
				INFOPLIST_FILE = RxSwift_PracticeTests/Info.plist;
				IPHONEOS_DEPLOYMENT_TARGET = 13.2;
				LD_RUNPATH_SEARCH_PATHS = (
					"$(inherited)",
					"@executable_path/Frameworks",
					"@loader_path/Frameworks",
				);
				PRODUCT_BUNDLE_IDENTIFIER = "com.pookjw.RxSwift-PracticeTests";
				PRODUCT_NAME = "$(TARGET_NAME)";
				SWIFT_VERSION = 5.0;
				TARGETED_DEVICE_FAMILY = "1,2";
				TEST_HOST = "$(BUILT_PRODUCTS_DIR)/RxSwift_Practice.app/RxSwift_Practice";
			};
			name = Debug;
		};
		F371C6B32397A21300C6A679 /* Release */ = {
			isa = XCBuildConfiguration;
			baseConfigurationReference = 9DAA6152E280EAE9840B1DF5 /* Pods-RxSwift_PracticeTests.release.xcconfig */;
			buildSettings = {
				ALWAYS_EMBED_SWIFT_STANDARD_LIBRARIES = YES;
				BUNDLE_LOADER = "$(TEST_HOST)";
				CODE_SIGN_STYLE = Automatic;
				DEVELOPMENT_TEAM = P53D29U9LJ;
				INFOPLIST_FILE = RxSwift_PracticeTests/Info.plist;
				IPHONEOS_DEPLOYMENT_TARGET = 13.2;
				LD_RUNPATH_SEARCH_PATHS = (
					"$(inherited)",
					"@executable_path/Frameworks",
					"@loader_path/Frameworks",
				);
				PRODUCT_BUNDLE_IDENTIFIER = "com.pookjw.RxSwift-PracticeTests";
				PRODUCT_NAME = "$(TARGET_NAME)";
				SWIFT_VERSION = 5.0;
				TARGETED_DEVICE_FAMILY = "1,2";
				TEST_HOST = "$(BUILT_PRODUCTS_DIR)/RxSwift_Practice.app/RxSwift_Practice";
			};
			name = Release;
		};
		F371C6B52397A21300C6A679 /* Debug */ = {
			isa = XCBuildConfiguration;
			baseConfigurationReference = 76C667D838A47DEA6A18634B /* Pods-RxSwift_Practice-RxSwift_PracticeUITests.debug.xcconfig */;
			buildSettings = {
				ALWAYS_EMBED_SWIFT_STANDARD_LIBRARIES = YES;
				CODE_SIGN_STYLE = Automatic;
				DEVELOPMENT_TEAM = P53D29U9LJ;
				INFOPLIST_FILE = RxSwift_PracticeUITests/Info.plist;
				LD_RUNPATH_SEARCH_PATHS = (
					"$(inherited)",
					"@executable_path/Frameworks",
					"@loader_path/Frameworks",
				);
				PRODUCT_BUNDLE_IDENTIFIER = "com.pookjw.RxSwift-PracticeUITests";
				PRODUCT_NAME = "$(TARGET_NAME)";
				SWIFT_VERSION = 5.0;
				TARGETED_DEVICE_FAMILY = "1,2";
				TEST_TARGET_NAME = RxSwift_Practice;
			};
			name = Debug;
		};
		F371C6B62397A21300C6A679 /* Release */ = {
			isa = XCBuildConfiguration;
			baseConfigurationReference = 922004E31DEE508B2DF21043 /* Pods-RxSwift_Practice-RxSwift_PracticeUITests.release.xcconfig */;
			buildSettings = {
				ALWAYS_EMBED_SWIFT_STANDARD_LIBRARIES = YES;
				CODE_SIGN_STYLE = Automatic;
				DEVELOPMENT_TEAM = P53D29U9LJ;
				INFOPLIST_FILE = RxSwift_PracticeUITests/Info.plist;
				LD_RUNPATH_SEARCH_PATHS = (
					"$(inherited)",
					"@executable_path/Frameworks",
					"@loader_path/Frameworks",
				);
				PRODUCT_BUNDLE_IDENTIFIER = "com.pookjw.RxSwift-PracticeUITests";
				PRODUCT_NAME = "$(TARGET_NAME)";
				SWIFT_VERSION = 5.0;
				TARGETED_DEVICE_FAMILY = "1,2";
				TEST_TARGET_NAME = RxSwift_Practice;
			};
			name = Release;
		};
/* End XCBuildConfiguration section */

/* Begin XCConfigurationList section */
		F371C67F2397A21200C6A679 /* Build configuration list for PBXProject "RxSwift_Practice" */ = {
			isa = XCConfigurationList;
			buildConfigurations = (
				F371C6AC2397A21300C6A679 /* Debug */,
				F371C6AD2397A21300C6A679 /* Release */,
			);
			defaultConfigurationIsVisible = 0;
			defaultConfigurationName = Release;
		};
		F371C6AE2397A21300C6A679 /* Build configuration list for PBXNativeTarget "RxSwift_Practice" */ = {
			isa = XCConfigurationList;
			buildConfigurations = (
				F371C6AF2397A21300C6A679 /* Debug */,
				F371C6B02397A21300C6A679 /* Release */,
			);
			defaultConfigurationIsVisible = 0;
			defaultConfigurationName = Release;
		};
		F371C6B12397A21300C6A679 /* Build configuration list for PBXNativeTarget "RxSwift_PracticeTests" */ = {
			isa = XCConfigurationList;
			buildConfigurations = (
				F371C6B22397A21300C6A679 /* Debug */,
				F371C6B32397A21300C6A679 /* Release */,
			);
			defaultConfigurationIsVisible = 0;
			defaultConfigurationName = Release;
		};
		F371C6B42397A21300C6A679 /* Build configuration list for PBXNativeTarget "RxSwift_PracticeUITests" */ = {
			isa = XCConfigurationList;
			buildConfigurations = (
				F371C6B52397A21300C6A679 /* Debug */,
				F371C6B62397A21300C6A679 /* Release */,
			);
			defaultConfigurationIsVisible = 0;
			defaultConfigurationName = Release;
		};
/* End XCConfigurationList section */
	};
	rootObject = F371C67C2397A21200C6A679 /* Project object */;
}
